
Microsoft Visual Studio Solution File, Format Version 12.00
Project("{FAE04EC0-301F-11D3-BF4B-00C04F79EFBC}") = "MicroRabbit.Domain.Core", "MicroRabbit.Domain.Core\MicroRabbit.Domain.Core.csproj", "{339C7CDD-2DC1-4742-A5EF-B3EABA21FC60}"
EndProject
Project("{2150E333-8FDC-42A3-9474-1A3956D46DE8}") = "Domain", "Domain", "{BAD72638-8992-4978-B96B-1E26DA6743F5}"
EndProject
Project("{2150E333-8FDC-42A3-9474-1A3956D46DE8}") = "Infra.Bus", "Infra.Bus", "{BBD70E2D-38B3-421D-894B-6DE417B6B261}"
EndProject
Project("{FAE04EC0-301F-11D3-BF4B-00C04F79EFBC}") = "MicroRabbit.Infra.Bus", "MicroRabbit.Infra.Bus\MicroRabbit.Infra.Bus.csproj", "{1E7ADB93-0E4E-4FC6-A563-C6F0755DC871}"
EndProject
Project("{2150E333-8FDC-42A3-9474-1A3956D46DE8}") = "Infra.IoC", "Infra.IoC", "{7DAEA0F5-7AF0-4EDD-9AEA-D85BC8FCF9BE}"
EndProject
Project("{FAE04EC0-301F-11D3-BF4B-00C04F79EFBC}") = "MicroRabbit.Infra.IoC", "MicroRabbit.Infra.IoC\MicroRabbit.Infra.IoC.csproj", "{AAD9DB00-ABFB-4178-A5B5-99ABAE801E64}"
EndProject
Project("{2150E333-8FDC-42A3-9474-1A3956D46DE8}") = "Microservices", "Microservices", "{EC73FCB7-3DDD-4068-BC39-3F6511CB29A9}"
EndProject
Project("{2150E333-8FDC-42A3-9474-1A3956D46DE8}") = "Banking", "Banking", "{0F77F112-5FE9-49B5-94D4-27E3F71EAEB7}"
EndProject
Project("{2150E333-8FDC-42A3-9474-1A3956D46DE8}") = "Api", "Api", "{FB0881AD-8FC8-4FBD-9237-A7ADA48921A1}"
EndProject
Project("{2150E333-8FDC-42A3-9474-1A3956D46DE8}") = "Domain", "Domain", "{9569C8BD-3B44-4878-9B63-639FBB1BCB51}"
EndProject
Project("{2150E333-8FDC-42A3-9474-1A3956D46DE8}") = "Application", "Application", "{30D83413-7C81-40D8-A384-CC464A41C2AA}"
EndProject
Project("{2150E333-8FDC-42A3-9474-1A3956D46DE8}") = "Data", "Data", "{F7094910-D37F-48BC-BC02-EC3D019B3086}"
EndProject
Project("{FAE04EC0-301F-11D3-BF4B-00C04F79EFBC}") = "MicroRabbit.Banking.Application", "MicroRabbit.Banking.Application\MicroRabbit.Banking.Application.csproj", "{D948DADF-C583-4FAE-9207-16112E11588A}"
EndProject
Project("{FAE04EC0-301F-11D3-BF4B-00C04F79EFBC}") = "MicroRabbit.Banking.Data", "MicroRabbit.Banking.Data\MicroRabbit.Banking.Data.csproj", "{921A739E-5FA8-44DE-95A1-A3C8CB17A6BF}"
EndProject
Project("{FAE04EC0-301F-11D3-BF4B-00C04F79EFBC}") = "MicroRabbit.Banking.Domain", "MicroRabbit.Banking.Domain\MicroRabbit.Banking.Domain.csproj", "{94788504-56F6-4F3F-842E-D1773EA6EFF6}"
EndProject
Project("{FAE04EC0-301F-11D3-BF4B-00C04F79EFBC}") = "MicroRabbit.Banking.Api", "MicroRabbit.Banking.Api\MicroRabbit.Banking.Api.csproj", "{5E4CC830-5080-4CE9-8563-E082F5E7D4BA}"
EndProject
Global
	GlobalSection(SolutionConfigurationPlatforms) = preSolution
		Debug|Any CPU = Debug|Any CPU
		Release|Any CPU = Release|Any CPU
	EndGlobalSection
	GlobalSection(ProjectConfigurationPlatforms) = postSolution
		{339C7CDD-2DC1-4742-A5EF-B3EABA21FC60}.Debug|Any CPU.ActiveCfg = Debug|Any CPU
		{339C7CDD-2DC1-4742-A5EF-B3EABA21FC60}.Debug|Any CPU.Build.0 = Debug|Any CPU
		{339C7CDD-2DC1-4742-A5EF-B3EABA21FC60}.Release|Any CPU.ActiveCfg = Release|Any CPU
		{339C7CDD-2DC1-4742-A5EF-B3EABA21FC60}.Release|Any CPU.Build.0 = Release|Any CPU
		{1E7ADB93-0E4E-4FC6-A563-C6F0755DC871}.Debug|Any CPU.ActiveCfg = Debug|Any CPU
		{1E7ADB93-0E4E-4FC6-A563-C6F0755DC871}.Debug|Any CPU.Build.0 = Debug|Any CPU
		{1E7ADB93-0E4E-4FC6-A563-C6F0755DC871}.Release|Any CPU.ActiveCfg = Release|Any CPU
		{1E7ADB93-0E4E-4FC6-A563-C6F0755DC871}.Release|Any CPU.Build.0 = Release|Any CPU
		{AAD9DB00-ABFB-4178-A5B5-99ABAE801E64}.Debug|Any CPU.ActiveCfg = Debug|Any CPU
		{AAD9DB00-ABFB-4178-A5B5-99ABAE801E64}.Debug|Any CPU.Build.0 = Debug|Any CPU
		{AAD9DB00-ABFB-4178-A5B5-99ABAE801E64}.Release|Any CPU.ActiveCfg = Release|Any CPU
		{AAD9DB00-ABFB-4178-A5B5-99ABAE801E64}.Release|Any CPU.Build.0 = Release|Any CPU
		{D948DADF-C583-4FAE-9207-16112E11588A}.Debug|Any CPU.ActiveCfg = Debug|Any CPU
		{D948DADF-C583-4FAE-9207-16112E11588A}.Debug|Any CPU.Build.0 = Debug|Any CPU
		{D948DADF-C583-4FAE-9207-16112E11588A}.Release|Any CPU.ActiveCfg = Release|Any CPU
		{D948DADF-C583-4FAE-9207-16112E11588A}.Release|Any CPU.Build.0 = Release|Any CPU
		{921A739E-5FA8-44DE-95A1-A3C8CB17A6BF}.Debug|Any CPU.ActiveCfg = Debug|Any CPU
		{921A739E-5FA8-44DE-95A1-A3C8CB17A6BF}.Debug|Any CPU.Build.0 = Debug|Any CPU
		{921A739E-5FA8-44DE-95A1-A3C8CB17A6BF}.Release|Any CPU.ActiveCfg = Release|Any CPU
		{921A739E-5FA8-44DE-95A1-A3C8CB17A6BF}.Release|Any CPU.Build.0 = Release|Any CPU
		{94788504-56F6-4F3F-842E-D1773EA6EFF6}.Debug|Any CPU.ActiveCfg = Debug|Any CPU
		{94788504-56F6-4F3F-842E-D1773EA6EFF6}.Debug|Any CPU.Build.0 = Debug|Any CPU
		{94788504-56F6-4F3F-842E-D1773EA6EFF6}.Release|Any CPU.ActiveCfg = Release|Any CPU
		{94788504-56F6-4F3F-842E-D1773EA6EFF6}.Release|Any CPU.Build.0 = Release|Any CPU
		{5E4CC830-5080-4CE9-8563-E082F5E7D4BA}.Debug|Any CPU.ActiveCfg = Debug|Any CPU
		{5E4CC830-5080-4CE9-8563-E082F5E7D4BA}.Debug|Any CPU.Build.0 = Debug|Any CPU
		{5E4CC830-5080-4CE9-8563-E082F5E7D4BA}.Release|Any CPU.ActiveCfg = Release|Any CPU
		{5E4CC830-5080-4CE9-8563-E082F5E7D4BA}.Release|Any CPU.Build.0 = Release|Any CPU
	EndGlobalSection
	GlobalSection(NestedProjects) = preSolution
		{339C7CDD-2DC1-4742-A5EF-B3EABA21FC60} = {BAD72638-8992-4978-B96B-1E26DA6743F5}
		{1E7ADB93-0E4E-4FC6-A563-C6F0755DC871} = {BBD70E2D-38B3-421D-894B-6DE417B6B261}
		{AAD9DB00-ABFB-4178-A5B5-99ABAE801E64} = {7DAEA0F5-7AF0-4EDD-9AEA-D85BC8FCF9BE}
		{0F77F112-5FE9-49B5-94D4-27E3F71EAEB7} = {EC73FCB7-3DDD-4068-BC39-3F6511CB29A9}
		{FB0881AD-8FC8-4FBD-9237-A7ADA48921A1} = {0F77F112-5FE9-49B5-94D4-27E3F71EAEB7}
		{9569C8BD-3B44-4878-9B63-639FBB1BCB51} = {0F77F112-5FE9-49B5-94D4-27E3F71EAEB7}
		{30D83413-7C81-40D8-A384-CC464A41C2AA} = {0F77F112-5FE9-49B5-94D4-27E3F71EAEB7}
		{F7094910-D37F-48BC-BC02-EC3D019B3086} = {0F77F112-5FE9-49B5-94D4-27E3F71EAEB7}
		{D948DADF-C583-4FAE-9207-16112E11588A} = {30D83413-7C81-40D8-A384-CC464A41C2AA}
		{921A739E-5FA8-44DE-95A1-A3C8CB17A6BF} = {F7094910-D37F-48BC-BC02-EC3D019B3086}
		{94788504-56F6-4F3F-842E-D1773EA6EFF6} = {9569C8BD-3B44-4878-9B63-639FBB1BCB51}
		{5E4CC830-5080-4CE9-8563-E082F5E7D4BA} = {FB0881AD-8FC8-4FBD-9237-A7ADA48921A1}
	EndGlobalSection
EndGlobal
